PODS:
  - device_info_plus (0.0.1):
    - FlutterMacOS
  - flutter_app_group_directory (0.0.1):
    - FlutterMacOS
  - FlutterMacOS (1.0.0)
  - realm (20.0.0):
    - FlutterMacOS

DEPENDENCIES:
  - device_info_plus (from `Flutter/ephemeral/.symlinks/plugins/device_info_plus/macos`)
  - flutter_app_group_directory (from `Flutter/ephemeral/.symlinks/plugins/flutter_app_group_directory/macos`)
  - FlutterMacOS (from `Flutter/ephemeral`)
  - realm (from `Flutter/ephemeral/.symlinks/plugins/realm/macos`)

EXTERNAL SOURCES:
  device_info_plus:
    :path: Flutter/ephemeral/.symlinks/plugins/device_info_plus/macos
  flutter_app_group_directory:
    :path: Flutter/ephemeral/.symlinks/plugins/flutter_app_group_directory/macos
  FlutterMacOS:
    :path: Flutter/ephemeral
  realm:
    :path: Flutter/ephemeral/.symlinks/plugins/realm/macos

SPEC CHECKSUMS:
  device_info_plus: f1aae8670672f75c4c8850ecbe0b2ddef62b0a22
  flutter_app_group_directory: 343bbb65318bb5f95bfea8873b7c49dd6604c3d0
  FlutterMacOS: 8f6f14fa908a6fb3fba0cd85dbd81ec4b251fb24
  realm: b20855504ce4f4bb211d5692caf41d494ae232ce

PODFILE CHECKSUM: 236401fc2c932af29a9fcf0e97baeeb2d750d367

COCOAPODS: 1.15.2
